
Microsoft Visual Studio Solution File, Format Version 12.00
# RemObjects Fire
Project("{656346D9-4656-40DA-A068-22D5425D4639}") = "Moshine.Foundation", "Moshine.Foundation\Moshine.Foundation.elements", "{19E42704-1AC8-4D61-B2C5-FF63E951602F}"
EndProject
Project("{656346D9-4656-40DA-A068-22D5425D4639}") = "Moshine.Foundation.AWS", "Moshine.Foundation.AWS\Moshine.Foundation.AWS.elements", "{EF85F273-C62A-4B33-8A7F-11F69045A9EB}"
EndProject
Project("{656346D9-4656-40DA-A068-22D5425D4639}") = "Moshine.Foundation.Contracts", "Moshine.Foundation.Contracts\Moshine.Foundation.Contracts.elements", "{881953F1-BD45-4FFF-80B0-A6A43D386C90}"
EndProject
Project("{656346D9-4656-40DA-A068-22D5425D4639}") = "Moshine.Foundation.Security", "Moshine.Foundation.Security\Moshine.Foundation.Security.elements", "{0CDD5A48-1B01-4EFA-B421-2F9952AABC6B}"
EndProject
Global
	GlobalSection(SolutionConfigurationPlatforms) = preSolution
		Debug|AnyCPU = Debug|AnyCPU
		Release|AnyCPU = Release|AnyCPU
	EndGlobalSection
	GlobalSection(ProjectConfigurationPlatforms) = postSolution
		{19E42704-1AC8-4D61-B2C5-FF63E951602F}.Debug|AnyCPU.ActiveCfg = Debug|AnyCPU
		{19E42704-1AC8-4D61-B2C5-FF63E951602F}.Debug|AnyCPU.Build.0 = Debug|AnyCPU
		{19E42704-1AC8-4D61-B2C5-FF63E951602F}.Release|AnyCPU.ActiveCfg = Release|AnyCPU
		{19E42704-1AC8-4D61-B2C5-FF63E951602F}.Release|AnyCPU.Build.0 = Release|AnyCPU
		{EF85F273-C62A-4B33-8A7F-11F69045A9EB}.Debug|AnyCPU.ActiveCfg = Debug|AnyCPU
		{EF85F273-C62A-4B33-8A7F-11F69045A9EB}.Debug|AnyCPU.Build.0 = Debug|AnyCPU
		{EF85F273-C62A-4B33-8A7F-11F69045A9EB}.Release|AnyCPU.ActiveCfg = Release|AnyCPU
		{EF85F273-C62A-4B33-8A7F-11F69045A9EB}.Release|AnyCPU.Build.0 = Release|AnyCPU
		{881953F1-BD45-4FFF-80B0-A6A43D386C90}.Debug|AnyCPU.ActiveCfg = Debug|AnyCPU
		{881953F1-BD45-4FFF-80B0-A6A43D386C90}.Debug|AnyCPU.Build.0 = Debug|AnyCPU
		{881953F1-BD45-4FFF-80B0-A6A43D386C90}.Release|AnyCPU.ActiveCfg = Release|AnyCPU
		{881953F1-BD45-4FFF-80B0-A6A43D386C90}.Release|AnyCPU.Build.0 = Release|AnyCPU
		{0CDD5A48-1B01-4EFA-B421-2F9952AABC6B}.Debug|AnyCPU.ActiveCfg = Debug|AnyCPU
		{0CDD5A48-1B01-4EFA-B421-2F9952AABC6B}.Debug|AnyCPU.Build.0 = Debug|AnyCPU
		{0CDD5A48-1B01-4EFA-B421-2F9952AABC6B}.Release|AnyCPU.ActiveCfg = Release|AnyCPU
		{0CDD5A48-1B01-4EFA-B421-2F9952AABC6B}.Release|AnyCPU.Build.0 = Release|AnyCPU
	EndGlobalSection
	GlobalSection(SolutionProperties) = preSolution
		HideSolutionNode = FALSE
	EndGlobalSection
EndGlobal